# This file is automatically @generated by Cargo.
# It is not intended for manual editing.
version = 4

[[package]]
name = "flight"
version = "0.0.1"
dependencies = [
 "flight-sessions",
 "flight-state",
 "flight-tmux",
 "flight-tui",
]

[[package]]
name = "flight-sessions"
version = "0.0.1"

[[package]]
name = "flight-state"
version = "0.0.1"

[[package]]
name = "flight-tmux"
version = "0.0.1"

[[package]]
name = "flight-tui"
version = "0.0.1"
